
Microsoft Visual Studio Solution File, Format Version 12.00
# Visual Studio Version 17
VisualStudioVersion = 17.0.31919.166
MinimumVisualStudioVersion = 10.0.40219.1
Project("{FAE04EC0-301F-11D3-BF4B-00C04F79EFBC}") = "imagessharedpassword.web", "imagessharedpassword.web\imagessharedpassword.web.csproj", "{FFA74C7C-E43C-45F7-8701-0ACFF8C93C3D}"
EndProject
Project("{FAE04EC0-301F-11D3-BF4B-00C04F79EFBC}") = "imagessharedpassword.Data", "imagessharedpassword.Data\imagessharedpassword.Data.csproj", "{707CC3CB-DE72-4678-855F-F1379041B831}"
EndProject
Global
	GlobalSection(SolutionConfigurationPlatforms) = preSolution
		Debug|Any CPU = Debug|Any CPU
		Release|Any CPU = Release|Any CPU
	EndGlobalSection
	GlobalSection(ProjectConfigurationPlatforms) = postSolution
		{FFA74C7C-E43C-45F7-8701-0ACFF8C93C3D}.Debug|Any CPU.ActiveCfg = Debug|Any CPU
		{FFA74C7C-E43C-45F7-8701-0ACFF8C93C3D}.Debug|Any CPU.Build.0 = Debug|Any CPU
		{FFA74C7C-E43C-45F7-8701-0ACFF8C93C3D}.Release|Any CPU.ActiveCfg = Release|Any CPU
		{FFA74C7C-E43C-45F7-8701-0ACFF8C93C3D}.Release|Any CPU.Build.0 = Release|Any CPU
		{707CC3CB-DE72-4678-855F-F1379041B831}.Debug|Any CPU.ActiveCfg = Debug|Any CPU
		{707CC3CB-DE72-4678-855F-F1379041B831}.Debug|Any CPU.Build.0 = Debug|Any CPU
		{707CC3CB-DE72-4678-855F-F1379041B831}.Release|Any CPU.ActiveCfg = Release|Any CPU
		{707CC3CB-DE72-4678-855F-F1379041B831}.Release|Any CPU.Build.0 = Release|Any CPU
	EndGlobalSection
	GlobalSection(SolutionProperties) = preSolution
		HideSolutionNode = FALSE
	EndGlobalSection
	GlobalSection(ExtensibilityGlobals) = postSolution
		SolutionGuid = {8AB5FB7D-7B9F-4DFB-9351-F67B76035FE7}
	EndGlobalSection
EndGlobal
